// !$*UTF8*$!
{
	archiveVersion = 1;
	classes = {
	};
	objectVersion = 50;
	objects = {

/* Begin PBXBuildFile section */
		ED2EDCF3219F3B6A006209B5 /* AppDelegate.swift in Sources */ = {isa = PBXBuildFile; fileRef = ED2EDCF2219F3B6A006209B5 /* AppDelegate.swift */; };
		ED2EDCF5219F3B6A006209B5 /* GameScene.sks in Resources */ = {isa = PBXBuildFile; fileRef = ED2EDCF4219F3B6A006209B5 /* GameScene.sks */; };
		ED2EDCF7219F3B6A006209B5 /* Actions.sks in Resources */ = {isa = PBXBuildFile; fileRef = ED2EDCF6219F3B6A006209B5 /* Actions.sks */; };
		ED2EDCF9219F3B6A006209B5 /* GameScene.swift in Sources */ = {isa = PBXBuildFile; fileRef = ED2EDCF8219F3B6A006209B5 /* GameScene.swift */; };
		ED2EDCFB219F3B6A006209B5 /* GameViewController.swift in Sources */ = {isa = PBXBuildFile; fileRef = ED2EDCFA219F3B6A006209B5 /* GameViewController.swift */; };
		ED2EDCFE219F3B6A006209B5 /* Main.storyboard in Resources */ = {isa = PBXBuildFile; fileRef = ED2EDCFC219F3B6A006209B5 /* Main.storyboard */; };
		ED2EDD00219F3B6C006209B5 /* Assets.xcassets in Resources */ = {isa = PBXBuildFile; fileRef = ED2EDCFF219F3B6C006209B5 /* Assets.xcassets */; };
		ED2EDD03219F3B6C006209B5 /* LaunchScreen.storyboard in Resources */ = {isa = PBXBuildFile; fileRef = ED2EDD01219F3B6C006209B5 /* LaunchScreen.storyboard */; };
		ED2EDD0F219F4043006209B5 /* pipe2.png in Resources */ = {isa = PBXBuildFile; fileRef = ED2EDD0A219F4042006209B5 /* pipe2.png */; };
		ED2EDD10219F4043006209B5 /* flappy2.png in Resources */ = {isa = PBXBuildFile; fileRef = ED2EDD0B219F4042006209B5 /* flappy2.png */; };
		ED2EDD11219F4043006209B5 /* pipe1.png in Resources */ = {isa = PBXBuildFile; fileRef = ED2EDD0C219F4042006209B5 /* pipe1.png */; };
		ED2EDD12219F4043006209B5 /* bg.png in Resources */ = {isa = PBXBuildFile; fileRef = ED2EDD0D219F4043006209B5 /* bg.png */; };
		ED2EDD13219F4043006209B5 /* flappy1.png in Resources */ = {isa = PBXBuildFile; fileRef = ED2EDD0E219F4043006209B5 /* flappy1.png */; };
/* End PBXBuildFile section */

/* Begin PBXFileReference section */
		ED2EDCEF219F3B6A006209B5 /* Flappy Bird Clone.app */ = {isa = PBXFileReference; explicitFileType = wrapper.application; includeInIndex = 0; path = "Flappy Bird Clone.app"; sourceTree = BUILT_PRODUCTS_DIR; };
		ED2EDCF2219F3B6A006209B5 /* AppDelegate.swift */ = {isa = PBXFileReference; lastKnownFileType = sourcecode.swift; path = AppDelegate.swift; sourceTree = "<group>"; };
		ED2EDCF4219F3B6A006209B5 /* GameScene.sks */ = {isa = PBXFileReference; lastKnownFileType = file.sks; path = GameScene.sks; sourceTree = "<group>"; };
		ED2EDCF6219F3B6A006209B5 /* Actions.sks */ = {isa = PBXFileReference; lastKnownFileType = file.sks; path = Actions.sks; sourceTree = "<group>"; };
		ED2EDCF8219F3B6A006209B5 /* GameScene.swift */ = {isa = PBXFileReference; lastKnownFileType = sourcecode.swift; path = GameScene.swift; sourceTree = "<group>"; };
		ED2EDCFA219F3B6A006209B5 /* GameViewController.swift */ = {isa = PBXFileReference; lastKnownFileType = sourcecode.swift; path = GameViewController.swift; sourceTree = "<group>"; };
		ED2EDCFD219F3B6A006209B5 /* Base */ = {isa = PBXFileReference; lastKnownFileType = file.storyboard; name = Base; path = Base.lproj/Main.storyboard; sourceTree = "<group>"; };
		ED2EDCFF219F3B6C006209B5 /* Assets.xcassets */ = {isa = PBXFileReference; lastKnownFileType = folder.assetcatalog; path = Assets.xcassets; sourceTree = "<group>"; };
		ED2EDD02219F3B6C006209B5 /* Base */ = {isa = PBXFileReference; lastKnownFileType = file.storyboard; name = Base; path = Base.lproj/LaunchScreen.storyboard; sourceTree = "<group>"; };
		ED2EDD04219F3B6C006209B5 /* Info.plist */ = {isa = PBXFileReference; lastKnownFileType = text.plist.xml; path = Info.plist; sourceTree = "<group>"; };
		ED2EDD0A219F4042006209B5 /* pipe2.png */ = {isa = PBXFileReference; lastKnownFileType = image.png; name = pipe2.png; path = ../../../../Downloads/img/pipe2.png; sourceTree = "<group>"; };
		ED2EDD0B219F4042006209B5 /* flappy2.png */ = {isa = PBXFileReference; lastKnownFileType = image.png; name = flappy2.png; path = ../../../../Downloads/img/flappy2.png; sourceTree = "<group>"; };
		ED2EDD0C219F4042006209B5 /* pipe1.png */ = {isa = PBXFileReference; lastKnownFileType = image.png; name = pipe1.png; path = ../../../../Downloads/img/pipe1.png; sourceTree = "<group>"; };
		ED2EDD0D219F4043006209B5 /* bg.png */ = {isa = PBXFileReference; lastKnownFileType = image.png; name = bg.png; path = ../../../../Downloads/img/bg.png; sourceTree = "<group>"; };
		ED2EDD0E219F4043006209B5 /* flappy1.png */ = {isa = PBXFileReference; lastKnownFileType = image.png; name = flappy1.png; path = ../../../../Downloads/img/flappy1.png; sourceTree = "<group>"; };
/* End PBXFileReference section */

/* Begin PBXFrameworksBuildPhase section */
		ED2EDCEC219F3B6A006209B5 /* Frameworks */ = {
			isa = PBXFrameworksBuildPhase;
			buildActionMask = 2147483647;
			files = (
			);
			runOnlyForDeploymentPostprocessing = 0;
		};
/* End PBXFrameworksBuildPhase section */

/* Begin PBXGroup section */
		ED2EDCE6219F3B6A006209B5 = {
			isa = PBXGroup;
			children = (
				ED2EDCF1219F3B6A006209B5 /* Flappy Bird Clone */,
				ED2EDCF0219F3B6A006209B5 /* Products */,
			);
			sourceTree = "<group>";
		};
		ED2EDCF0219F3B6A006209B5 /* Products */ = {
			isa = PBXGroup;
			children = (
				ED2EDCEF219F3B6A006209B5 /* Flappy Bird Clone.app */,
			);
			name = Products;
			sourceTree = "<group>";
		};
		ED2EDCF1219F3B6A006209B5 /* Flappy Bird Clone */ = {
			isa = PBXGroup;
			children = (
				ED2EDCF2219F3B6A006209B5 /* AppDelegate.swift */,
				ED2EDCF4219F3B6A006209B5 /* GameScene.sks */,
				ED2EDCF6219F3B6A006209B5 /* Actions.sks */,
				ED2EDCF8219F3B6A006209B5 /* GameScene.swift */,
				ED2EDCFA219F3B6A006209B5 /* GameViewController.swift */,
				ED2EDCFC219F3B6A006209B5 /* Main.storyboard */,
				ED2EDD0D219F4043006209B5 /* bg.png */,
				ED2EDD0E219F4043006209B5 /* flappy1.png */,
				ED2EDD0B219F4042006209B5 /* flappy2.png */,
				ED2EDD0C219F4042006209B5 /* pipe1.png */,
				ED2EDD0A219F4042006209B5 /* pipe2.png */,
				ED2EDCFF219F3B6C006209B5 /* Assets.xcassets */,
				ED2EDD01219F3B6C006209B5 /* LaunchScreen.storyboard */,
				ED2EDD04219F3B6C006209B5 /* Info.plist */,
			);
			path = "Flappy Bird Clone";
			sourceTree = "<group>";
		};
/* End PBXGroup section */

/* Begin PBXNativeTarget section */
		ED2EDCEE219F3B6A006209B5 /* Flappy Bird Clone */ = {
			isa = PBXNativeTarget;
			buildConfigurationList = ED2EDD07219F3B6C006209B5 /* Build configuration list for PBXNativeTarget "Flappy Bird Clone" */;
			buildPhases = (
				ED2EDCEB219F3B6A006209B5 /* Sources */,
				ED2EDCEC219F3B6A006209B5 /* Frameworks */,
				ED2EDCED219F3B6A006209B5 /* Resources */,
			);
			buildRules = (
			);
			dependencies = (
			);
			name = "Flappy Bird Clone";
			productName = "Flappy Bird Clone";
			productReference = ED2EDCEF219F3B6A006209B5 /* Flappy Bird Clone.app */;
			productType = "com.apple.product-type.application";
		};
/* End PBXNativeTarget section */

/* Begin PBXProject section */
		ED2EDCE7219F3B6A006209B5 /* Project object */ = {
			isa = PBXProject;
			attributes = {
				LastSwiftUpdateCheck = 1010;
				LastUpgradeCheck = 1010;
				ORGANIZATIONNAME = "Thomas J. Rooney";
				TargetAttributes = {
					ED2EDCEE219F3B6A006209B5 = {
						CreatedOnToolsVersion = 10.1;
					};
				};
			};
			buildConfigurationList = ED2EDCEA219F3B6A006209B5 /* Build configuration list for PBXProject "Flappy Bird Clone" */;
			compatibilityVersion = "Xcode 9.3";
			developmentRegion = en;
			hasScannedForEncodings = 0;
			knownRegions = (
				en,
				Base,
			);
			mainGroup = ED2EDCE6219F3B6A006209B5;
			productRefGroup = ED2EDCF0219F3B6A006209B5 /* Products */;
			projectDirPath = "";
			projectRoot = "";
			targets = (
				ED2EDCEE219F3B6A006209B5 /* Flappy Bird Clone */,
			);
		};
/* End PBXProject section */

/* Begin PBXResourcesBuildPhase section */
		ED2EDCED219F3B6A006209B5 /* Resources */ = {
			isa = PBXResourcesBuildPhase;
			buildActionMask = 2147483647;
			files = (
				ED2EDD10219F4043006209B5 /* flappy2.png in Resources */,
				ED2EDD13219F4043006209B5 /* flappy1.png in Resources */,
				ED2EDCFE219F3B6A006209B5 /* Main.storyboard in Resources */,
				ED2EDD12219F4043006209B5 /* bg.png in Resources */,
				ED2EDCF5219F3B6A006209B5 /* GameScene.sks in Resources */,
				ED2EDD11219F4043006209B5 /* pipe1.png in Resources */,
				ED2EDD0F219F4043006209B5 /* pipe2.png in Resources */,
				ED2EDD00219F3B6C006209B5 /* Assets.xcassets in Resources */,
				ED2EDD03219F3B6C006209B5 /* LaunchScreen.storyboard in Resources */,
				ED2EDCF7219F3B6A006209B5 /* Actions.sks in Resources */,
			);
			runOnlyForDeploymentPostprocessing = 0;
		};
/* End PBXResourcesBuildPhase section */

/* Begin PBXSourcesBuildPhase section */
		ED2EDCEB219F3B6A006209B5 /* Sources */ = {
			isa = PBXSourcesBuildPhase;
			buildActionMask = 2147483647;
			files = (
				ED2EDCF9219F3B6A006209B5 /* GameScene.swift in Sources */,
				ED2EDCFB219F3B6A006209B5 /* GameViewController.swift in Sources */,
				ED2EDCF3219F3B6A006209B5 /* AppDelegate.swift in Sources */,
			);
			runOnlyForDeploymentPostprocessing = 0;
		};
/* End PBXSourcesBuildPhase section */

/* Begin PBXVariantGroup section */
		ED2EDCFC219F3B6A006209B5 /* Main.storyboard */ = {
			isa = PBXVariantGroup;
			children = (
				ED2EDCFD219F3B6A006209B5 /* Base */,
			);
			name = Main.storyboard;
			sourceTree = "<group>";
		};
		ED2EDD01219F3B6C006209B5 /* LaunchScreen.storyboard */ = {
			isa = PBXVariantGroup;
			children = (
				ED2EDD02219F3B6C006209B5 /* Base */,
			);
			name = LaunchScreen.storyboard;
			sourceTree = "<group>";
		};
/* End PBXVariantGroup section */

/* Begin XCBuildConfiguration section */
		ED2EDD05219F3B6C006209B5 /* Debug */ = {
			isa = XCBuildConfiguration;
			buildSettings = {
				ALWAYS_SEARCH_USER_PATHS = NO;
				CLANG_ANALYZER_NONNULL = YES;
				CLANG_ANALYZER_NUMBER_OBJECT_CONVERSION = YES_AGGRESSIVE;
				CLANG_CXX_LANGUAGE_STANDARD = "gnu++14";
				CLANG_CXX_LIBRARY = "libc++";
				CLANG_ENABLE_MODULES = YES;
				CLANG_ENABLE_OBJC_ARC = YES;
				CLANG_ENABLE_OBJC_WEAK = YES;
				CLANG_WARN_BLOCK_CAPTURE_AUTORELEASING = YES;
				CLANG_WARN_BOOL_CONVERSION = YES;
				CLANG_WARN_COMMA = YES;
				CLANG_WARN_CONSTANT_CONVERSION = YES;
				CLANG_WARN_DEPRECATED_OBJC_IMPLEMENTATIONS = YES;
				CLANG_WARN_DIRECT_OBJC_ISA_USAGE = YES_ERROR;
				CLANG_WARN_DOCUMENTATION_COMMENTS = YES;
				CLANG_WARN_EMPTY_BODY = YES;
				CLANG_WARN_ENUM_CONVERSION = YES;
				CLANG_WARN_INFINITE_RECURSION = YES;
				CLANG_WARN_INT_CONVERSION = YES;
				CLANG_WARN_NON_LITERAL_NULL_CONVERSION = YES;
				CLANG_WARN_OBJC_IMPLICIT_RETAIN_SELF = YES;
				CLANG_WARN_OBJC_LITERAL_CONVERSION = YES;
				CLANG_WARN_OBJC_ROOT_CLASS = YES_ERROR;
				CLANG_WARN_RANGE_LOOP_ANALYSIS = YES;
				CLANG_WARN_STRICT_PROTOTYPES = YES;
				CLANG_WARN_SUSPICIOUS_MOVE = YES;
				CLANG_WARN_UNGUARDED_AVAILABILITY = YES_AGGRESSIVE;
				CLANG_WARN_UNREACHABLE_CODE = YES;
				CLANG_WARN__DUPLICATE_METHOD_MATCH = YES;
				CODE_SIGN_IDENTITY = "iPhone Developer";
				COPY_PHASE_STRIP = NO;
				DEBUG_INFORMATION_FORMAT = dwarf;
				ENABLE_STRICT_OBJC_MSGSEND = YES;
				ENABLE_TESTABILITY = YES;
				GCC_C_LANGUAGE_STANDARD = gnu11;
				GCC_DYNAMIC_NO_PIC = NO;
				GCC_NO_COMMON_BLOCKS = YES;
				GCC_OPTIMIZATION_LEVEL = 0;
				GCC_PREPROCESSOR_DEFINITIONS = (
					"DEBUG=1",
					"$(inherited)",
				);
				GCC_WARN_64_TO_32_BIT_CONVERSION = YES;
				GCC_WARN_ABOUT_RETURN_TYPE = YES_ERROR;
				GCC_WARN_UNDECLARED_SELECTOR = YES;
				GCC_WARN_UNINITIALIZED_AUTOS = YES_AGGRESSIVE;
				GCC_WARN_UNUSED_FUNCTION = YES;
				GCC_WARN_UNUSED_VARIABLE = YES;
				IPHONEOS_DEPLOYMENT_TARGET = 12.1;
				MTL_ENABLE_DEBUG_INFO = INCLUDE_SOURCE;
				MTL_FAST_MATH = YES;
				ONLY_ACTIVE_ARCH = YES;
				SDKROOT = iphoneos;
				SWIFT_ACTIVE_COMPILATION_CONDITIONS = DEBUG;
				SWIFT_OPTIMIZATION_LEVEL = "-Onone";
			};
			name = Debug;
		};
		ED2EDD06219F3B6C006209B5 /* Release */ = {
			isa = XCBuildConfiguration;
			buildSettings = {
				ALWAYS_SEARCH_USER_PATHS = NO;
				CLANG_ANALYZER_NONNULL = YES;
				CLANG_ANALYZER_NUMBER_OBJECT_CONVERSION = YES_AGGRESSIVE;
				CLANG_CXX_LANGUAGE_STANDARD = "gnu++14";
				CLANG_CXX_LIBRARY = "libc++";
				CLANG_ENABLE_MODULES = YES;
				CLANG_ENABLE_OBJC_ARC = YES;
				CLANG_ENABLE_OBJC_WEAK = YES;
				CLANG_WARN_BLOCK_CAPTURE_AUTORELEASING = YES;
				CLANG_WARN_BOOL_CONVERSION = YES;
				CLANG_WARN_COMMA = YES;
				CLANG_WARN_CONSTANT_CONVERSION = YES;
				CLANG_WARN_DEPRECATED_OBJC_IMPLEMENTATIONS = YES;
				CLANG_WARN_DIRECT_OBJC_ISA_USAGE = YES_ERROR;
				CLANG_WARN_DOCUMENTATION_COMMENTS = YES;
				CLANG_WARN_EMPTY_BODY = YES;
				CLANG_WARN_ENUM_CONVERSION = YES;
				CLANG_WARN_INFINITE_RECURSION = YES;
				CLANG_WARN_INT_CONVERSION = YES;
				CLANG_WARN_NON_LITERAL_NULL_CONVERSION = YES;
				CLANG_WARN_OBJC_IMPLICIT_RETAIN_SELF = YES;
				CLANG_WARN_OBJC_LITERAL_CONVERSION = YES;
				CLANG_WARN_OBJC_ROOT_CLASS = YES_ERROR;
				CLANG_WARN_RANGE_LOOP_ANALYSIS = YES;
				CLANG_WARN_STRICT_PROTOTYPES = YES;
				CLANG_WARN_SUSPICIOUS_MOVE = YES;
				CLANG_WARN_UNGUARDED_AVAILABILITY = YES_AGGRESSIVE;
				CLANG_WARN_UNREACHABLE_CODE = YES;
				CLANG_WARN__DUPLICATE_METHOD_MATCH = YES;
				CODE_SIGN_IDENTITY = "iPhone Developer";
				COPY_PHASE_STRIP = NO;
				DEBUG_INFORMATION_FORMAT = "dwarf-with-dsym";
				ENABLE_NS_ASSERTIONS = NO;
				ENABLE_STRICT_OBJC_MSGSEND = YES;
				GCC_C_LANGUAGE_STANDARD = gnu11;
				GCC_NO_COMMON_BLOCKS = YES;
				GCC_WARN_64_TO_32_BIT_CONVERSION = YES;
				GCC_WARN_ABOUT_RETURN_TYPE = YES_ERROR;
				GCC_WARN_UNDECLARED_SELECTOR = YES;
				GCC_WARN_UNINITIALIZED_AUTOS = YES_AGGRESSIVE;
				GCC_WARN_UNUSED_FUNCTION = YES;
				GCC_WARN_UNUSED_VARIABLE = YES;
				IPHONEOS_DEPLOYMENT_TARGET = 12.1;
				MTL_ENABLE_DEBUG_INFO = NO;
				MTL_FAST_MATH = YES;
				SDKROOT = iphoneos;
				SWIFT_COMPILATION_MODE = wholemodule;
				SWIFT_OPTIMIZATION_LEVEL = "-O";
				VALIDATE_PRODUCT = YES;
			};
			name = Release;
		};
		ED2EDD08219F3B6C006209B5 /* Debug */ = {
			isa = XCBuildConfiguration;
			buildSettings = {
				ASSETCATALOG_COMPILER_APPICON_NAME = AppIcon;
				CODE_SIGN_STYLE = Automatic;
				INFOPLIST_FILE = "Flappy Bird Clone/Info.plist";
				LD_RUNPATH_SEARCH_PATHS = (
					"$(inherited)",
					"@executable_path/Frameworks",
				);
				PRODUCT_BUNDLE_IDENTIFIER = "com.example.Flappy-Bird-Clone";
				PRODUCT_NAME = "$(TARGET_NAME)";
				SWIFT_VERSION = 4.2;
				TARGETED_DEVICE_FAMILY = "1,2";
			};
			name = Debug;
		};
		ED2EDD09219F3B6C006209B5 /* Release */ = {
			isa = XCBuildConfiguration;
			buildSettings = {
				ASSETCATALOG_COMPILER_APPICON_NAME = AppIcon;
				CODE_SIGN_STYLE = Automatic;
				INFOPLIST_FILE = "Flappy Bird Clone/Info.plist";
				LD_RUNPATH_SEARCH_PATHS = (
					"$(inherited)",
					"@executable_path/Frameworks",
				);
				PRODUCT_BUNDLE_IDENTIFIER = "com.example.Flappy-Bird-Clone";
				PRODUCT_NAME = "$(TARGET_NAME)";
				SWIFT_VERSION = 4.2;
				TARGETED_DEVICE_FAMILY = "1,2";
			};
			name = Release;
		};
/* End XCBuildConfiguration section */

/* Begin XCConfigurationList section */
		ED2EDCEA219F3B6A006209B5 /* Build configuration list for PBXProject "Flappy Bird Clone" */ = {
			isa = XCConfigurationList;
			buildConfigurations = (
				ED2EDD05219F3B6C006209B5 /* Debug */,
				ED2EDD06219F3B6C006209B5 /* Release */,
			);
			defaultConfigurationIsVisible = 0;
			defaultConfigurationName = Release;
		};
		ED2EDD07219F3B6C006209B5 /* Build configuration list for PBXNativeTarget "Flappy Bird Clone" */ = {
			isa = XCConfigurationList;
			buildConfigurations = (
				ED2EDD08219F3B6C006209B5 /* Debug */,
				ED2EDD09219F3B6C006209B5 /* Release */,
			);
			defaultConfigurationIsVisible = 0;
			defaultConfigurationName = Release;
		};
/* End XCConfigurationList section */
	};
	rootObject = ED2EDCE7219F3B6A006209B5 /* Project object */;
}
